# This file was autogenerated by Stack.
# You should not edit this file by hand.
# For more information, please see the documentation at:
#   https://docs.haskellstack.org/en/stable/lock_files

packages:
- completed:
    cabal-file:
      size: 972
      sha256: a339400e2d5d826e0320a4ff69abc221649cde61aa3e9fcb9997adc90561d6d1
    name: peddle
    version: 0.0.1
    git: https://github.com/tmciver/peddle.git
    pantry-tree:
      size: 537
      sha256: a4d792964ebe48eff7e9e43fc3c200be8102c213418c04b7736e451aff6edf81
    commit: 84796a83c7ecec10bb76854819b505fcf7f51702
  original:
    git: https://github.com/tmciver/peddle.git
    commit: 84796a83c7ecec10bb76854819b505fcf7f51702
snapshots:
- completed:
    size: 493124
    url: https://raw.githubusercontent.com/commercialhaskell/stackage-snapshots/master/lts/15/10.yaml
    sha256: 48bc6d1d59224a5166265ef6cdda6a512f29ecc8ef7331826312b82377e89507
  original: lts-15.10
